
Microsoft Visual Studio Solution File, Format Version 12.00
# Visual Studio Version 17
VisualStudioVersion = 17.0.31903.59
MinimumVisualStudioVersion = 10.0.40219.1
Project("{FAE04EC0-301F-11D3-BF4B-00C04F79EFBC}") = "TaskManagement.Domain", "TaskManagement.Domain\TaskManagement.Domain.csproj", "{37D1E621-F462-4BA9-880A-8939544D6A10}"
EndProject
Project("{FAE04EC0-301F-11D3-BF4B-00C04F79EFBC}") = "TaskManagement.Application", "TaskManagement.Application\TaskManagement.Application.csproj", "{3E353E3F-15AB-4E10-A665-0C9C7A3AEE83}"
EndProject
Project("{FAE04EC0-301F-11D3-BF4B-00C04F79EFBC}") = "TaskManagement.Infrastructure", "TaskManagement.Infrastructure\TaskManagement.Infrastructure.csproj", "{E6937ECE-64A2-4BC4-A3F3-42241DEFFE1B}"
EndProject
Project("{FAE04EC0-301F-11D3-BF4B-00C04F79EFBC}") = "TaskManagement.Api", "TaskManagement.Api\TaskManagement.Api.csproj", "{F82DE52D-8ECD-4560-9118-398FDE4C33A9}"
EndProject
Project("{FAE04EC0-301F-11D3-BF4B-00C04F79EFBC}") = "TaskManagement.Tests", "TaskManagement.Tests\TaskManagement.Tests.csproj", "{3353E823-FDDE-4757-ACAB-C7517ACCDD16}"
EndProject
Global
	GlobalSection(SolutionConfigurationPlatforms) = preSolution
		Debug|Any CPU = Debug|Any CPU
		Debug|x64 = Debug|x64
		Debug|x86 = Debug|x86
		Release|Any CPU = Release|Any CPU
		Release|x64 = Release|x64
		Release|x86 = Release|x86
	EndGlobalSection
	GlobalSection(ProjectConfigurationPlatforms) = postSolution
		{37D1E621-F462-4BA9-880A-8939544D6A10}.Debug|Any CPU.ActiveCfg = Debug|Any CPU
		{37D1E621-F462-4BA9-880A-8939544D6A10}.Debug|Any CPU.Build.0 = Debug|Any CPU
		{37D1E621-F462-4BA9-880A-8939544D6A10}.Debug|x64.ActiveCfg = Debug|Any CPU
		{37D1E621-F462-4BA9-880A-8939544D6A10}.Debug|x64.Build.0 = Debug|Any CPU
		{37D1E621-F462-4BA9-880A-8939544D6A10}.Debug|x86.ActiveCfg = Debug|Any CPU
		{37D1E621-F462-4BA9-880A-8939544D6A10}.Debug|x86.Build.0 = Debug|Any CPU
		{37D1E621-F462-4BA9-880A-8939544D6A10}.Release|Any CPU.ActiveCfg = Release|Any CPU
		{37D1E621-F462-4BA9-880A-8939544D6A10}.Release|Any CPU.Build.0 = Release|Any CPU
		{37D1E621-F462-4BA9-880A-8939544D6A10}.Release|x64.ActiveCfg = Release|Any CPU
		{37D1E621-F462-4BA9-880A-8939544D6A10}.Release|x64.Build.0 = Release|Any CPU
		{37D1E621-F462-4BA9-880A-8939544D6A10}.Release|x86.ActiveCfg = Release|Any CPU
		{37D1E621-F462-4BA9-880A-8939544D6A10}.Release|x86.Build.0 = Release|Any CPU
		{3E353E3F-15AB-4E10-A665-0C9C7A3AEE83}.Debug|Any CPU.ActiveCfg = Debug|Any CPU
		{3E353E3F-15AB-4E10-A665-0C9C7A3AEE83}.Debug|Any CPU.Build.0 = Debug|Any CPU
		{3E353E3F-15AB-4E10-A665-0C9C7A3AEE83}.Debug|x64.ActiveCfg = Debug|Any CPU
		{3E353E3F-15AB-4E10-A665-0C9C7A3AEE83}.Debug|x64.Build.0 = Debug|Any CPU
		{3E353E3F-15AB-4E10-A665-0C9C7A3AEE83}.Debug|x86.ActiveCfg = Debug|Any CPU
		{3E353E3F-15AB-4E10-A665-0C9C7A3AEE83}.Debug|x86.Build.0 = Debug|Any CPU
		{3E353E3F-15AB-4E10-A665-0C9C7A3AEE83}.Release|Any CPU.ActiveCfg = Release|Any CPU
		{3E353E3F-15AB-4E10-A665-0C9C7A3AEE83}.Release|Any CPU.Build.0 = Release|Any CPU
		{3E353E3F-15AB-4E10-A665-0C9C7A3AEE83}.Release|x64.ActiveCfg = Release|Any CPU
		{3E353E3F-15AB-4E10-A665-0C9C7A3AEE83}.Release|x64.Build.0 = Release|Any CPU
		{3E353E3F-15AB-4E10-A665-0C9C7A3AEE83}.Release|x86.ActiveCfg = Release|Any CPU
		{3E353E3F-15AB-4E10-A665-0C9C7A3AEE83}.Release|x86.Build.0 = Release|Any CPU
		{E6937ECE-64A2-4BC4-A3F3-42241DEFFE1B}.Debug|Any CPU.ActiveCfg = Debug|Any CPU
		{E6937ECE-64A2-4BC4-A3F3-42241DEFFE1B}.Debug|Any CPU.Build.0 = Debug|Any CPU
		{E6937ECE-64A2-4BC4-A3F3-42241DEFFE1B}.Debug|x64.ActiveCfg = Debug|Any CPU
		{E6937ECE-64A2-4BC4-A3F3-42241DEFFE1B}.Debug|x64.Build.0 = Debug|Any CPU
		{E6937ECE-64A2-4BC4-A3F3-42241DEFFE1B}.Debug|x86.ActiveCfg = Debug|Any CPU
		{E6937ECE-64A2-4BC4-A3F3-42241DEFFE1B}.Debug|x86.Build.0 = Debug|Any CPU
		{E6937ECE-64A2-4BC4-A3F3-42241DEFFE1B}.Release|Any CPU.ActiveCfg = Release|Any CPU
		{E6937ECE-64A2-4BC4-A3F3-42241DEFFE1B}.Release|Any CPU.Build.0 = Release|Any CPU
		{E6937ECE-64A2-4BC4-A3F3-42241DEFFE1B}.Release|x64.ActiveCfg = Release|Any CPU
		{E6937ECE-64A2-4BC4-A3F3-42241DEFFE1B}.Release|x64.Build.0 = Release|Any CPU
		{E6937ECE-64A2-4BC4-A3F3-42241DEFFE1B}.Release|x86.ActiveCfg = Release|Any CPU
		{E6937ECE-64A2-4BC4-A3F3-42241DEFFE1B}.Release|x86.Build.0 = Release|Any CPU
		{F82DE52D-8ECD-4560-9118-398FDE4C33A9}.Debug|Any CPU.ActiveCfg = Debug|Any CPU
		{F82DE52D-8ECD-4560-9118-398FDE4C33A9}.Debug|Any CPU.Build.0 = Debug|Any CPU
		{F82DE52D-8ECD-4560-9118-398FDE4C33A9}.Debug|x64.ActiveCfg = Debug|Any CPU
		{F82DE52D-8ECD-4560-9118-398FDE4C33A9}.Debug|x64.Build.0 = Debug|Any CPU
		{F82DE52D-8ECD-4560-9118-398FDE4C33A9}.Debug|x86.ActiveCfg = Debug|Any CPU
		{F82DE52D-8ECD-4560-9118-398FDE4C33A9}.Debug|x86.Build.0 = Debug|Any CPU
		{F82DE52D-8ECD-4560-9118-398FDE4C33A9}.Release|Any CPU.ActiveCfg = Release|Any CPU
		{F82DE52D-8ECD-4560-9118-398FDE4C33A9}.Release|Any CPU.Build.0 = Release|Any CPU
		{F82DE52D-8ECD-4560-9118-398FDE4C33A9}.Release|x64.ActiveCfg = Release|Any CPU
		{F82DE52D-8ECD-4560-9118-398FDE4C33A9}.Release|x64.Build.0 = Release|Any CPU
		{F82DE52D-8ECD-4560-9118-398FDE4C33A9}.Release|x86.ActiveCfg = Release|Any CPU
		{F82DE52D-8ECD-4560-9118-398FDE4C33A9}.Release|x86.Build.0 = Release|Any CPU
		{3353E823-FDDE-4757-ACAB-C7517ACCDD16}.Debug|Any CPU.ActiveCfg = Debug|Any CPU
		{3353E823-FDDE-4757-ACAB-C7517ACCDD16}.Debug|Any CPU.Build.0 = Debug|Any CPU
		{3353E823-FDDE-4757-ACAB-C7517ACCDD16}.Debug|x64.ActiveCfg = Debug|Any CPU
		{3353E823-FDDE-4757-ACAB-C7517ACCDD16}.Debug|x64.Build.0 = Debug|Any CPU
		{3353E823-FDDE-4757-ACAB-C7517ACCDD16}.Debug|x86.ActiveCfg = Debug|Any CPU
		{3353E823-FDDE-4757-ACAB-C7517ACCDD16}.Debug|x86.Build.0 = Debug|Any CPU
		{3353E823-FDDE-4757-ACAB-C7517ACCDD16}.Release|Any CPU.ActiveCfg = Release|Any CPU
		{3353E823-FDDE-4757-ACAB-C7517ACCDD16}.Release|Any CPU.Build.0 = Release|Any CPU
		{3353E823-FDDE-4757-ACAB-C7517ACCDD16}.Release|x64.ActiveCfg = Release|Any CPU
		{3353E823-FDDE-4757-ACAB-C7517ACCDD16}.Release|x64.Build.0 = Release|Any CPU
		{3353E823-FDDE-4757-ACAB-C7517ACCDD16}.Release|x86.ActiveCfg = Release|Any CPU
		{3353E823-FDDE-4757-ACAB-C7517ACCDD16}.Release|x86.Build.0 = Release|Any CPU
	EndGlobalSection
	GlobalSection(SolutionProperties) = preSolution
		HideSolutionNode = FALSE
	EndGlobalSection
EndGlobal
